<?xml version="1.0" encoding="utf-8"?>
<Project ToolsVersion="4.0" xmlns="http://schemas.microsoft.com/developer/msbuild/2003">
  <ItemGroup>
    <Filter Include="Source Files">
      <UniqueIdentifier>{4FC737F1-C7A5-4376-A066-2A32D752A2FF}</UniqueIdentifier>
      <Extensions>cpp;c;cc;cxx;c++;cppm;ixx;def;odl;idl;hpj;bat;asm;asmx</Extensions>
    </Filter>
    <Filter Include="Source Files\ai">
      <UniqueIdentifier>{b37667f8-7377-4406-8543-40dd81586612}</UniqueIdentifier>
    </Filter>
    <Filter Include="Source Files\testing">
      <UniqueIdentifier>{8807b397-644e-4b1c-bd49-8e6e6498d0b1}</UniqueIdentifier>
    </Filter>
    <Filter Include="Source Files\threading">
      <UniqueIdentifier>{3b7361f8-9c27-4a49-a9f0-b61db0732721}</UniqueIdentifier>
    </Filter>
  </ItemGroup>
  <ItemGroup>
    <ClInclude Include="ColorConsole.h">
      <Filter>Source Files</Filter>
    </ClInclude>
    <ClInclude Include="BTNode.h">
      <Filter>Source Files\ai</Filter>
    </ClInclude>
    <ClInclude Include="BTNodes.h">
      <Filter>Source Files\ai</Filter>
    </ClInclude>
    <ClInclude Include="BTBlackboard.h">
      <Filter>Source Files\ai</Filter>
    </ClInclude>
    <ClInclude Include="Any.h">
      <Filter>Source Files\ai</Filter>
    </ClInclude>
    <ClInclude Include="test_suite_alpha_one.h">
      <Filter>Source Files\testing</Filter>
    </ClInclude>
    <ClInclude Include="BehaviorTree.h">
      <Filter>Source Files\ai</Filter>
    </ClInclude>
    <ClInclude Include="Timer.h">
      <Filter>Source Files</Filter>
    </ClInclude>
    <ClInclude Include="IntType.h">
      <Filter>Source Files\threading</Filter>
    </ClInclude>
    <ClInclude Include="VGJS.h">
      <Filter>Source Files\threading</Filter>
    </ClInclude>
    <ClInclude Include="AIEngine.h">
      <Filter>Source Files\ai</Filter>
    </ClInclude>
  </ItemGroup>
  <ItemGroup>
    <ClCompile Include="main.cpp">
      <Filter>Source Files</Filter>
    </ClCompile>
    <ClCompile Include="Any.cpp">
      <Filter>Source Files\ai</Filter>
    </ClCompile>
  </ItemGroup>
  <ItemGroup>
    <None Include="BehaviorTree.json">
      <Filter>Source Files</Filter>
    </None>
  </ItemGroup>
</Project>